
Microsoft Visual Studio Solution File, Format Version 12.00
# Visual Studio Version 16
VisualStudioVersion = 16.0.29123.88
MinimumVisualStudioVersion = 10.0.40219.1
Project("{FAE04EC0-301F-11D3-BF4B-00C04F79EFBC}") = "PersonManagement", "PersonManagement\PersonManagement.csproj", "{45F4C9DA-73E6-413E-8D33-7B26F7923BFC}"
EndProject
Global
	GlobalSection(SolutionConfigurationPlatforms) = preSolution
		Debug|Any CPU = Debug|Any CPU
		Release|Any CPU = Release|Any CPU
	EndGlobalSection
	GlobalSection(ProjectConfigurationPlatforms) = postSolution
		{45F4C9DA-73E6-413E-8D33-7B26F7923BFC}.Debug|Any CPU.ActiveCfg = Debug|Any CPU
		{45F4C9DA-73E6-413E-8D33-7B26F7923BFC}.Debug|Any CPU.Build.0 = Debug|Any CPU
		{45F4C9DA-73E6-413E-8D33-7B26F7923BFC}.Release|Any CPU.ActiveCfg = Release|Any CPU
		{45F4C9DA-73E6-413E-8D33-7B26F7923BFC}.Release|Any CPU.Build.0 = Release|Any CPU
	EndGlobalSection
	GlobalSection(SolutionProperties) = preSolution
		HideSolutionNode = FALSE
	EndGlobalSection
	GlobalSection(ExtensibilityGlobals) = postSolution
		SolutionGuid = {307481B9-B870-41CA-8D87-A5F2FE860830}
	EndGlobalSection
EndGlobal
